# This file is autogenerated, do not edit; changes may be undone by the next 'dep ensure'.


[[projects]]
  digest = "1:e6639dfcad598ed708e894637ba45de84995bfce575250d36aadd8a2b5a0a56f"
  name = "github.com/faiface/beep"
  packages = [
    ".",
    "mp3",
    "speaker",
  ]
  pruneopts = "UT"
  revision = "5c57cb8071b7dacd7cfe56a503175e3240758e4f"
  version = "v1.0.1"

[[projects]]
  digest = "1:7b5c6e2eeaa9ae5907c391a91c132abfd5c9e8a784a341b5625e750c67e6825d"
  name = "github.com/gorilla/websocket"
  packages = ["."]
  pruneopts = "UT"
  revision = "66b9c49e59c6c48f0ffce28c2d8b8a5678502c6d"
  version = "v1.4.0"

[[projects]]
  digest = "1:ba046b7e02372728281f7ce6cdf459abae2f4c8a2b84cf5b364e22a9264d1b52"
  name = "github.com/hajimehoshi/go-mp3"
  packages = [
    ".",
    "internal/bits",
    "internal/consts",
    "internal/frame",
    "internal/frameheader",
    "internal/huffman",
    "internal/imdct",
    "internal/maindata",
    "internal/sideinfo",
  ]
  pruneopts = "UT"
  revision = "7ecd8b4c099d1e29642960a4f72067ed67200cd6"
  version = "v0.1.2"

[[projects]]
  digest = "1:b5c10495d7e59a76536e823da35f87b8b67d16006e7d054f5972ba9934254953"
  name = "github.com/hajimehoshi/oto"
  packages = [
    ".",
    "internal/mux",
  ]
  pruneopts = "UT"
  revision = "ac73e202da9bf0b5596c1a6d4cd12fad992987d3"
  version = "v0.3.4"

[[projects]]
  digest = "1:cf31692c14422fa27c83a05292eb5cbe0fb2775972e8f1f8446a71549bd8980b"
  name = "github.com/pkg/errors"
  packages = ["."]
  pruneopts = "UT"
  revision = "ba968bfe8b2f7e042a574c888954fccecfa385b4"
  version = "v0.8.1"

[[projects]]
  branch = "master"
  digest = "1:721e0289628a4166befb9cc0a448bc03e6eb3a2391cdb9339fadb819d030c23b"
  name = "golang.org/x/exp"
  packages = [
    "shiny/driver/gldriver",
    "shiny/driver/internal/drawer",
    "shiny/driver/internal/errscreen",
    "shiny/driver/internal/event",
    "shiny/driver/internal/lifecycler",
    "shiny/driver/internal/win32",
    "shiny/driver/internal/x11key",
    "shiny/screen",
  ]
  pruneopts = "UT"
  revision = "efd6b22b2522a48712e1fd0b3c1ab34d243f5245"

[[projects]]
  branch = "master"
  digest = "1:b92d5f74778f4766055011db9abc4bba54edbe5e690a544e6dbfe4dd90824719"
  name = "golang.org/x/image"
  packages = ["math/f64"]
  pruneopts = "UT"
  revision = "7e034cad644213bc79b336b52fce73624259aeca"

[[projects]]
  branch = "master"
  digest = "1:eede0a3b9f8c6b6c0f26dc90933adf9162978d65461ceecebfb9e454164c02e0"
  name = "golang.org/x/mobile"
  packages = [
    "app",
    "app/internal/callfn",
    "event/key",
    "event/lifecycle",
    "event/mouse",
    "event/paint",
    "event/size",
    "event/touch",
    "geom",
    "gl",
    "internal/mobileinit",
  ]
  pruneopts = "UT"
  revision = "6fa95d984e88af20c7b8869192a2345dc560fdbf"

[[projects]]
  branch = "master"
  digest = "1:1ed0196f0b3fcdc592c7deb8519aaa6176dae23c89cf2871d5d6a00874d50968"
  name = "golang.org/x/sys"
  packages = ["windows"]
  pruneopts = "UT"
  revision = "c5567b49c5d04a5f83870795b8c0e2df43a8ce32"

[solve-meta]
  analyzer-name = "dep"
  analyzer-version = 1
  input-imports = [
    "github.com/faiface/beep",
    "github.com/faiface/beep/mp3",
    "github.com/faiface/beep/speaker",
    "github.com/gorilla/websocket",
    "github.com/hajimehoshi/go-mp3",
    "github.com/hajimehoshi/oto",
  ]
  solver-name = "gps-cdcl"
  solver-version = 1
